
Microsoft Visual Studio Solution File, Format Version 12.00
# Visual Studio 14
VisualStudioVersion = 14.0.25123.0
MinimumVisualStudioVersion = 10.0.40219.1
Project("{FAE04EC0-301F-11D3-BF4B-00C04F79EFBC}") = "CarouselViewTest.Droid", "CarouselViewTest\CarouselViewTest.Droid\CarouselViewTest.Droid.csproj", "{D9BC3044-960C-4CA9-B809-35FAF16865A1}"
EndProject
Project("{FAE04EC0-301F-11D3-BF4B-00C04F79EFBC}") = "CarouselViewTest.iOS", "CarouselViewTest\CarouselViewTest.iOS\CarouselViewTest.iOS.csproj", "{7D01D0A3-4006-4920-AA85-CBBAFF688067}"
EndProject
Project("{FAE04EC0-301F-11D3-BF4B-00C04F79EFBC}") = "CarouselViewTest.WinPhone", "CarouselViewTest\CarouselViewTest.WinPhone\CarouselViewTest.WinPhone.csproj", "{2AD891E7-0719-489F-9930-4C5128AE756C}"
EndProject
Project("{FAE04EC0-301F-11D3-BF4B-00C04F79EFBC}") = "CarouselViewTest.Windows", "CarouselViewTest\CarouselViewTest.Windows\CarouselViewTest.Windows.csproj", "{AC5E628D-B8C9-4318-8177-28D7B0B6EF68}"
EndProject
Project("{D954291E-2A0B-460D-934E-DC6B0785DB48}") = "CarouselViewTest", "CarouselViewTest\CarouselViewTest\CarouselViewTest.shproj", "{5ECD8CE4-D91C-4A81-ACB9-9918F9CD73F7}"
EndProject
Global
	GlobalSection(SharedMSBuildProjectFiles) = preSolution
		CarouselViewTest\CarouselViewTest\CarouselViewTest.projitems*{7d01d0a3-4006-4920-aa85-cbbaff688067}*SharedItemsImports = 4
		CarouselViewTest\CarouselViewTest\CarouselViewTest.projitems*{5ecd8ce4-d91c-4a81-acb9-9918f9cd73f7}*SharedItemsImports = 13
	EndGlobalSection
	GlobalSection(SolutionConfigurationPlatforms) = preSolution
		Ad-Hoc|Any CPU = Ad-Hoc|Any CPU
		Ad-Hoc|ARM = Ad-Hoc|ARM
		Ad-Hoc|iPhone = Ad-Hoc|iPhone
		Ad-Hoc|iPhoneSimulator = Ad-Hoc|iPhoneSimulator
		Ad-Hoc|x64 = Ad-Hoc|x64
		Ad-Hoc|x86 = Ad-Hoc|x86
		AppStore|Any CPU = AppStore|Any CPU
		AppStore|ARM = AppStore|ARM
		AppStore|iPhone = AppStore|iPhone
		AppStore|iPhoneSimulator = AppStore|iPhoneSimulator
		AppStore|x64 = AppStore|x64
		AppStore|x86 = AppStore|x86
		Debug|Any CPU = Debug|Any CPU
		Debug|ARM = Debug|ARM
		Debug|iPhone = Debug|iPhone
		Debug|iPhoneSimulator = Debug|iPhoneSimulator
		Debug|x64 = Debug|x64
		Debug|x86 = Debug|x86
		Release|Any CPU = Release|Any CPU
		Release|ARM = Release|ARM
		Release|iPhone = Release|iPhone
		Release|iPhoneSimulator = Release|iPhoneSimulator
		Release|x64 = Release|x64
		Release|x86 = Release|x86
	EndGlobalSection
	GlobalSection(ProjectConfigurationPlatforms) = postSolution
		{D9BC3044-960C-4CA9-B809-35FAF16865A1}.Ad-Hoc|Any CPU.ActiveCfg = Release|Any CPU
		{D9BC3044-960C-4CA9-B809-35FAF16865A1}.Ad-Hoc|Any CPU.Build.0 = Release|Any CPU
		{D9BC3044-960C-4CA9-B809-35FAF16865A1}.Ad-Hoc|Any CPU.Deploy.0 = Release|Any CPU
		{D9BC3044-960C-4CA9-B809-35FAF16865A1}.Ad-Hoc|ARM.ActiveCfg = Release|Any CPU
		{D9BC3044-960C-4CA9-B809-35FAF16865A1}.Ad-Hoc|ARM.Build.0 = Release|Any CPU
		{D9BC3044-960C-4CA9-B809-35FAF16865A1}.Ad-Hoc|ARM.Deploy.0 = Release|Any CPU
		{D9BC3044-960C-4CA9-B809-35FAF16865A1}.Ad-Hoc|iPhone.ActiveCfg = Release|Any CPU
		{D9BC3044-960C-4CA9-B809-35FAF16865A1}.Ad-Hoc|iPhone.Build.0 = Release|Any CPU
		{D9BC3044-960C-4CA9-B809-35FAF16865A1}.Ad-Hoc|iPhone.Deploy.0 = Release|Any CPU
		{D9BC3044-960C-4CA9-B809-35FAF16865A1}.Ad-Hoc|iPhoneSimulator.ActiveCfg = Release|Any CPU
		{D9BC3044-960C-4CA9-B809-35FAF16865A1}.Ad-Hoc|iPhoneSimulator.Build.0 = Release|Any CPU
		{D9BC3044-960C-4CA9-B809-35FAF16865A1}.Ad-Hoc|iPhoneSimulator.Deploy.0 = Release|Any CPU
		{D9BC3044-960C-4CA9-B809-35FAF16865A1}.Ad-Hoc|x64.ActiveCfg = Release|Any CPU
		{D9BC3044-960C-4CA9-B809-35FAF16865A1}.Ad-Hoc|x64.Build.0 = Release|Any CPU
		{D9BC3044-960C-4CA9-B809-35FAF16865A1}.Ad-Hoc|x64.Deploy.0 = Release|Any CPU
		{D9BC3044-960C-4CA9-B809-35FAF16865A1}.Ad-Hoc|x86.ActiveCfg = Release|Any CPU
		{D9BC3044-960C-4CA9-B809-35FAF16865A1}.Ad-Hoc|x86.Build.0 = Release|Any CPU
		{D9BC3044-960C-4CA9-B809-35FAF16865A1}.Ad-Hoc|x86.Deploy.0 = Release|Any CPU
		{D9BC3044-960C-4CA9-B809-35FAF16865A1}.AppStore|Any CPU.ActiveCfg = Release|Any CPU
		{D9BC3044-960C-4CA9-B809-35FAF16865A1}.AppStore|Any CPU.Build.0 = Release|Any CPU
		{D9BC3044-960C-4CA9-B809-35FAF16865A1}.AppStore|Any CPU.Deploy.0 = Release|Any CPU
		{D9BC3044-960C-4CA9-B809-35FAF16865A1}.AppStore|ARM.ActiveCfg = Release|Any CPU
		{D9BC3044-960C-4CA9-B809-35FAF16865A1}.AppStore|ARM.Build.0 = Release|Any CPU
		{D9BC3044-960C-4CA9-B809-35FAF16865A1}.AppStore|ARM.Deploy.0 = Release|Any CPU
		{D9BC3044-960C-4CA9-B809-35FAF16865A1}.AppStore|iPhone.ActiveCfg = Release|Any CPU
		{D9BC3044-960C-4CA9-B809-35FAF16865A1}.AppStore|iPhone.Build.0 = Release|Any CPU
		{D9BC3044-960C-4CA9-B809-35FAF16865A1}.AppStore|iPhone.Deploy.0 = Release|Any CPU
		{D9BC3044-960C-4CA9-B809-35FAF16865A1}.AppStore|iPhoneSimulator.ActiveCfg = Release|Any CPU
		{D9BC3044-960C-4CA9-B809-35FAF16865A1}.AppStore|iPhoneSimulator.Build.0 = Release|Any CPU
		{D9BC3044-960C-4CA9-B809-35FAF16865A1}.AppStore|iPhoneSimulator.Deploy.0 = Release|Any CPU
		{D9BC3044-960C-4CA9-B809-35FAF16865A1}.AppStore|x64.ActiveCfg = Release|Any CPU
		{D9BC3044-960C-4CA9-B809-35FAF16865A1}.AppStore|x64.Build.0 = Release|Any CPU
		{D9BC3044-960C-4CA9-B809-35FAF16865A1}.AppStore|x64.Deploy.0 = Release|Any CPU
		{D9BC3044-960C-4CA9-B809-35FAF16865A1}.AppStore|x86.ActiveCfg = Release|Any CPU
		{D9BC3044-960C-4CA9-B809-35FAF16865A1}.AppStore|x86.Build.0 = Release|Any CPU
		{D9BC3044-960C-4CA9-B809-35FAF16865A1}.AppStore|x86.Deploy.0 = Release|Any CPU
		{D9BC3044-960C-4CA9-B809-35FAF16865A1}.Debug|Any CPU.ActiveCfg = Debug|Any CPU
		{D9BC3044-960C-4CA9-B809-35FAF16865A1}.Debug|Any CPU.Build.0 = Debug|Any CPU
		{D9BC3044-960C-4CA9-B809-35FAF16865A1}.Debug|Any CPU.Deploy.0 = Debug|Any CPU
		{D9BC3044-960C-4CA9-B809-35FAF16865A1}.Debug|ARM.ActiveCfg = Debug|Any CPU
		{D9BC3044-960C-4CA9-B809-35FAF16865A1}.Debug|ARM.Build.0 = Debug|Any CPU
		{D9BC3044-960C-4CA9-B809-35FAF16865A1}.Debug|ARM.Deploy.0 = Debug|Any CPU
		{D9BC3044-960C-4CA9-B809-35FAF16865A1}.Debug|iPhone.ActiveCfg = Debug|Any CPU
		{D9BC3044-960C-4CA9-B809-35FAF16865A1}.Debug|iPhone.Build.0 = Debug|Any CPU
		{D9BC3044-960C-4CA9-B809-35FAF16865A1}.Debug|iPhone.Deploy.0 = Debug|Any CPU
		{D9BC3044-960C-4CA9-B809-35FAF16865A1}.Debug|iPhoneSimulator.ActiveCfg = Debug|Any CPU
		{D9BC3044-960C-4CA9-B809-35FAF16865A1}.Debug|iPhoneSimulator.Build.0 = Debug|Any CPU
		{D9BC3044-960C-4CA9-B809-35FAF16865A1}.Debug|iPhoneSimulator.Deploy.0 = Debug|Any CPU
		{D9BC3044-960C-4CA9-B809-35FAF16865A1}.Debug|x64.ActiveCfg = Debug|Any CPU
		{D9BC3044-960C-4CA9-B809-35FAF16865A1}.Debug|x64.Build.0 = Debug|Any CPU
		{D9BC3044-960C-4CA9-B809-35FAF16865A1}.Debug|x64.Deploy.0 = Debug|Any CPU
		{D9BC3044-960C-4CA9-B809-35FAF16865A1}.Debug|x86.ActiveCfg = Debug|Any CPU
		{D9BC3044-960C-4CA9-B809-35FAF16865A1}.Debug|x86.Build.0 = Debug|Any CPU
		{D9BC3044-960C-4CA9-B809-35FAF16865A1}.Debug|x86.Deploy.0 = Debug|Any CPU
		{D9BC3044-960C-4CA9-B809-35FAF16865A1}.Release|Any CPU.ActiveCfg = Release|Any CPU
		{D9BC3044-960C-4CA9-B809-35FAF16865A1}.Release|Any CPU.Build.0 = Release|Any CPU
		{D9BC3044-960C-4CA9-B809-35FAF16865A1}.Release|Any CPU.Deploy.0 = Release|Any CPU
		{D9BC3044-960C-4CA9-B809-35FAF16865A1}.Release|ARM.ActiveCfg = Release|Any CPU
		{D9BC3044-960C-4CA9-B809-35FAF16865A1}.Release|ARM.Build.0 = Release|Any CPU
		{D9BC3044-960C-4CA9-B809-35FAF16865A1}.Release|ARM.Deploy.0 = Release|Any CPU
		{D9BC3044-960C-4CA9-B809-35FAF16865A1}.Release|iPhone.ActiveCfg = Release|Any CPU
		{D9BC3044-960C-4CA9-B809-35FAF16865A1}.Release|iPhone.Build.0 = Release|Any CPU
		{D9BC3044-960C-4CA9-B809-35FAF16865A1}.Release|iPhone.Deploy.0 = Release|Any CPU
		{D9BC3044-960C-4CA9-B809-35FAF16865A1}.Release|iPhoneSimulator.ActiveCfg = Release|Any CPU
		{D9BC3044-960C-4CA9-B809-35FAF16865A1}.Release|iPhoneSimulator.Build.0 = Release|Any CPU
		{D9BC3044-960C-4CA9-B809-35FAF16865A1}.Release|iPhoneSimulator.Deploy.0 = Release|Any CPU
		{D9BC3044-960C-4CA9-B809-35FAF16865A1}.Release|x64.ActiveCfg = Release|Any CPU
		{D9BC3044-960C-4CA9-B809-35FAF16865A1}.Release|x64.Build.0 = Release|Any CPU
		{D9BC3044-960C-4CA9-B809-35FAF16865A1}.Release|x64.Deploy.0 = Release|Any CPU
		{D9BC3044-960C-4CA9-B809-35FAF16865A1}.Release|x86.ActiveCfg = Release|Any CPU
		{D9BC3044-960C-4CA9-B809-35FAF16865A1}.Release|x86.Build.0 = Release|Any CPU
		{D9BC3044-960C-4CA9-B809-35FAF16865A1}.Release|x86.Deploy.0 = Release|Any CPU
		{7D01D0A3-4006-4920-AA85-CBBAFF688067}.Ad-Hoc|Any CPU.ActiveCfg = Ad-Hoc|iPhone
		{7D01D0A3-4006-4920-AA85-CBBAFF688067}.Ad-Hoc|ARM.ActiveCfg = Ad-Hoc|iPhone
		{7D01D0A3-4006-4920-AA85-CBBAFF688067}.Ad-Hoc|iPhone.ActiveCfg = Ad-Hoc|iPhone
		{7D01D0A3-4006-4920-AA85-CBBAFF688067}.Ad-Hoc|iPhone.Build.0 = Ad-Hoc|iPhone
		{7D01D0A3-4006-4920-AA85-CBBAFF688067}.Ad-Hoc|iPhoneSimulator.ActiveCfg = Ad-Hoc|iPhoneSimulator
		{7D01D0A3-4006-4920-AA85-CBBAFF688067}.Ad-Hoc|iPhoneSimulator.Build.0 = Ad-Hoc|iPhoneSimulator
		{7D01D0A3-4006-4920-AA85-CBBAFF688067}.Ad-Hoc|x64.ActiveCfg = Ad-Hoc|iPhone
		{7D01D0A3-4006-4920-AA85-CBBAFF688067}.Ad-Hoc|x86.ActiveCfg = Ad-Hoc|iPhone
		{7D01D0A3-4006-4920-AA85-CBBAFF688067}.AppStore|Any CPU.ActiveCfg = AppStore|iPhone
		{7D01D0A3-4006-4920-AA85-CBBAFF688067}.AppStore|ARM.ActiveCfg = AppStore|iPhone
		{7D01D0A3-4006-4920-AA85-CBBAFF688067}.AppStore|iPhone.ActiveCfg = AppStore|iPhone
		{7D01D0A3-4006-4920-AA85-CBBAFF688067}.AppStore|iPhone.Build.0 = AppStore|iPhone
		{7D01D0A3-4006-4920-AA85-CBBAFF688067}.AppStore|iPhoneSimulator.ActiveCfg = AppStore|iPhoneSimulator
		{7D01D0A3-4006-4920-AA85-CBBAFF688067}.AppStore|iPhoneSimulator.Build.0 = AppStore|iPhoneSimulator
		{7D01D0A3-4006-4920-AA85-CBBAFF688067}.AppStore|x64.ActiveCfg = AppStore|iPhone
		{7D01D0A3-4006-4920-AA85-CBBAFF688067}.AppStore|x86.ActiveCfg = AppStore|iPhone
		{7D01D0A3-4006-4920-AA85-CBBAFF688067}.Debug|Any CPU.ActiveCfg = Debug|iPhone
		{7D01D0A3-4006-4920-AA85-CBBAFF688067}.Debug|ARM.ActiveCfg = Debug|iPhone
		{7D01D0A3-4006-4920-AA85-CBBAFF688067}.Debug|iPhone.ActiveCfg = Debug|iPhone
		{7D01D0A3-4006-4920-AA85-CBBAFF688067}.Debug|iPhone.Build.0 = Debug|iPhone
		{7D01D0A3-4006-4920-AA85-CBBAFF688067}.Debug|iPhoneSimulator.ActiveCfg = Debug|iPhoneSimulator
		{7D01D0A3-4006-4920-AA85-CBBAFF688067}.Debug|iPhoneSimulator.Build.0 = Debug|iPhoneSimulator
		{7D01D0A3-4006-4920-AA85-CBBAFF688067}.Debug|x64.ActiveCfg = Debug|iPhone
		{7D01D0A3-4006-4920-AA85-CBBAFF688067}.Debug|x86.ActiveCfg = Debug|iPhone
		{7D01D0A3-4006-4920-AA85-CBBAFF688067}.Release|Any CPU.ActiveCfg = Release|iPhone
		{7D01D0A3-4006-4920-AA85-CBBAFF688067}.Release|ARM.ActiveCfg = Release|iPhone
		{7D01D0A3-4006-4920-AA85-CBBAFF688067}.Release|iPhone.ActiveCfg = Release|iPhone
		{7D01D0A3-4006-4920-AA85-CBBAFF688067}.Release|iPhone.Build.0 = Release|iPhone
		{7D01D0A3-4006-4920-AA85-CBBAFF688067}.Release|iPhoneSimulator.ActiveCfg = Release|iPhoneSimulator
		{7D01D0A3-4006-4920-AA85-CBBAFF688067}.Release|iPhoneSimulator.Build.0 = Release|iPhoneSimulator
		{7D01D0A3-4006-4920-AA85-CBBAFF688067}.Release|x64.ActiveCfg = Release|iPhone
		{7D01D0A3-4006-4920-AA85-CBBAFF688067}.Release|x86.ActiveCfg = Release|iPhone
		{2AD891E7-0719-489F-9930-4C5128AE756C}.Ad-Hoc|Any CPU.ActiveCfg = Release|Any CPU
		{2AD891E7-0719-489F-9930-4C5128AE756C}.Ad-Hoc|Any CPU.Build.0 = Release|Any CPU
		{2AD891E7-0719-489F-9930-4C5128AE756C}.Ad-Hoc|Any CPU.Deploy.0 = Release|Any CPU
		{2AD891E7-0719-489F-9930-4C5128AE756C}.Ad-Hoc|ARM.ActiveCfg = Release|ARM
		{2AD891E7-0719-489F-9930-4C5128AE756C}.Ad-Hoc|ARM.Build.0 = Release|ARM
		{2AD891E7-0719-489F-9930-4C5128AE756C}.Ad-Hoc|ARM.Deploy.0 = Release|ARM
		{2AD891E7-0719-489F-9930-4C5128AE756C}.Ad-Hoc|iPhone.ActiveCfg = Release|Any CPU
		{2AD891E7-0719-489F-9930-4C5128AE756C}.Ad-Hoc|iPhone.Build.0 = Release|Any CPU
		{2AD891E7-0719-489F-9930-4C5128AE756C}.Ad-Hoc|iPhone.Deploy.0 = Release|Any CPU
		{2AD891E7-0719-489F-9930-4C5128AE756C}.Ad-Hoc|iPhoneSimulator.ActiveCfg = Release|Any CPU
		{2AD891E7-0719-489F-9930-4C5128AE756C}.Ad-Hoc|iPhoneSimulator.Build.0 = Release|Any CPU
		{2AD891E7-0719-489F-9930-4C5128AE756C}.Ad-Hoc|iPhoneSimulator.Deploy.0 = Release|Any CPU
		{2AD891E7-0719-489F-9930-4C5128AE756C}.Ad-Hoc|x64.ActiveCfg = Release|Any CPU
		{2AD891E7-0719-489F-9930-4C5128AE756C}.Ad-Hoc|x64.Build.0 = Release|Any CPU
		{2AD891E7-0719-489F-9930-4C5128AE756C}.Ad-Hoc|x64.Deploy.0 = Release|Any CPU
		{2AD891E7-0719-489F-9930-4C5128AE756C}.Ad-Hoc|x86.ActiveCfg = Release|x86
		{2AD891E7-0719-489F-9930-4C5128AE756C}.Ad-Hoc|x86.Build.0 = Release|x86
		{2AD891E7-0719-489F-9930-4C5128AE756C}.Ad-Hoc|x86.Deploy.0 = Release|x86
		{2AD891E7-0719-489F-9930-4C5128AE756C}.AppStore|Any CPU.ActiveCfg = Release|Any CPU
		{2AD891E7-0719-489F-9930-4C5128AE756C}.AppStore|Any CPU.Build.0 = Release|Any CPU
		{2AD891E7-0719-489F-9930-4C5128AE756C}.AppStore|Any CPU.Deploy.0 = Release|Any CPU
		{2AD891E7-0719-489F-9930-4C5128AE756C}.AppStore|ARM.ActiveCfg = Release|ARM
		{2AD891E7-0719-489F-9930-4C5128AE756C}.AppStore|ARM.Build.0 = Release|ARM
		{2AD891E7-0719-489F-9930-4C5128AE756C}.AppStore|ARM.Deploy.0 = Release|ARM
		{2AD891E7-0719-489F-9930-4C5128AE756C}.AppStore|iPhone.ActiveCfg = Release|Any CPU
		{2AD891E7-0719-489F-9930-4C5128AE756C}.AppStore|iPhone.Build.0 = Release|Any CPU
		{2AD891E7-0719-489F-9930-4C5128AE756C}.AppStore|iPhone.Deploy.0 = Release|Any CPU
		{2AD891E7-0719-489F-9930-4C5128AE756C}.AppStore|iPhoneSimulator.ActiveCfg = Release|Any CPU
		{2AD891E7-0719-489F-9930-4C5128AE756C}.AppStore|iPhoneSimulator.Build.0 = Release|Any CPU
		{2AD891E7-0719-489F-9930-4C5128AE756C}.AppStore|iPhoneSimulator.Deploy.0 = Release|Any CPU
		{2AD891E7-0719-489F-9930-4C5128AE756C}.AppStore|x64.ActiveCfg = Release|Any CPU
		{2AD891E7-0719-489F-9930-4C5128AE756C}.AppStore|x64.Build.0 = Release|Any CPU
		{2AD891E7-0719-489F-9930-4C5128AE756C}.AppStore|x64.Deploy.0 = Release|Any CPU
		{2AD891E7-0719-489F-9930-4C5128AE756C}.AppStore|x86.ActiveCfg = Release|x86
		{2AD891E7-0719-489F-9930-4C5128AE756C}.AppStore|x86.Build.0 = Release|x86
		{2AD891E7-0719-489F-9930-4C5128AE756C}.AppStore|x86.Deploy.0 = Release|x86
		{2AD891E7-0719-489F-9930-4C5128AE756C}.Debug|Any CPU.ActiveCfg = Debug|Any CPU
		{2AD891E7-0719-489F-9930-4C5128AE756C}.Debug|Any CPU.Build.0 = Debug|Any CPU
		{2AD891E7-0719-489F-9930-4C5128AE756C}.Debug|Any CPU.Deploy.0 = Debug|Any CPU
		{2AD891E7-0719-489F-9930-4C5128AE756C}.Debug|ARM.ActiveCfg = Debug|ARM
		{2AD891E7-0719-489F-9930-4C5128AE756C}.Debug|ARM.Build.0 = Debug|ARM
		{2AD891E7-0719-489F-9930-4C5128AE756C}.Debug|ARM.Deploy.0 = Debug|ARM
		{2AD891E7-0719-489F-9930-4C5128AE756C}.Debug|iPhone.ActiveCfg = Debug|Any CPU
		{2AD891E7-0719-489F-9930-4C5128AE756C}.Debug|iPhone.Build.0 = Debug|Any CPU
		{2AD891E7-0719-489F-9930-4C5128AE756C}.Debug|iPhone.Deploy.0 = Debug|Any CPU
		{2AD891E7-0719-489F-9930-4C5128AE756C}.Debug|iPhoneSimulator.ActiveCfg = Debug|Any CPU
		{2AD891E7-0719-489F-9930-4C5128AE756C}.Debug|iPhoneSimulator.Build.0 = Debug|Any CPU
		{2AD891E7-0719-489F-9930-4C5128AE756C}.Debug|iPhoneSimulator.Deploy.0 = Debug|Any CPU
		{2AD891E7-0719-489F-9930-4C5128AE756C}.Debug|x64.ActiveCfg = Debug|Any CPU
		{2AD891E7-0719-489F-9930-4C5128AE756C}.Debug|x64.Build.0 = Debug|Any CPU
		{2AD891E7-0719-489F-9930-4C5128AE756C}.Debug|x64.Deploy.0 = Debug|Any CPU
		{2AD891E7-0719-489F-9930-4C5128AE756C}.Debug|x86.ActiveCfg = Debug|x86
		{2AD891E7-0719-489F-9930-4C5128AE756C}.Debug|x86.Build.0 = Debug|x86
		{2AD891E7-0719-489F-9930-4C5128AE756C}.Debug|x86.Deploy.0 = Debug|x86
		{2AD891E7-0719-489F-9930-4C5128AE756C}.Release|Any CPU.ActiveCfg = Release|Any CPU
		{2AD891E7-0719-489F-9930-4C5128AE756C}.Release|Any CPU.Build.0 = Release|Any CPU
		{2AD891E7-0719-489F-9930-4C5128AE756C}.Release|Any CPU.Deploy.0 = Release|Any CPU
		{2AD891E7-0719-489F-9930-4C5128AE756C}.Release|ARM.ActiveCfg = Release|ARM
		{2AD891E7-0719-489F-9930-4C5128AE756C}.Release|ARM.Build.0 = Release|ARM
		{2AD891E7-0719-489F-9930-4C5128AE756C}.Release|ARM.Deploy.0 = Release|ARM
		{2AD891E7-0719-489F-9930-4C5128AE756C}.Release|iPhone.ActiveCfg = Release|Any CPU
		{2AD891E7-0719-489F-9930-4C5128AE756C}.Release|iPhone.Build.0 = Release|Any CPU
		{2AD891E7-0719-489F-9930-4C5128AE756C}.Release|iPhone.Deploy.0 = Release|Any CPU
		{2AD891E7-0719-489F-9930-4C5128AE756C}.Release|iPhoneSimulator.ActiveCfg = Release|Any CPU
		{2AD891E7-0719-489F-9930-4C5128AE756C}.Release|iPhoneSimulator.Build.0 = Release|Any CPU
		{2AD891E7-0719-489F-9930-4C5128AE756C}.Release|iPhoneSimulator.Deploy.0 = Release|Any CPU
		{2AD891E7-0719-489F-9930-4C5128AE756C}.Release|x64.ActiveCfg = Release|Any CPU
		{2AD891E7-0719-489F-9930-4C5128AE756C}.Release|x64.Build.0 = Release|Any CPU
		{2AD891E7-0719-489F-9930-4C5128AE756C}.Release|x64.Deploy.0 = Release|Any CPU
		{2AD891E7-0719-489F-9930-4C5128AE756C}.Release|x86.ActiveCfg = Release|x86
		{2AD891E7-0719-489F-9930-4C5128AE756C}.Release|x86.Build.0 = Release|x86
		{2AD891E7-0719-489F-9930-4C5128AE756C}.Release|x86.Deploy.0 = Release|x86
		{AC5E628D-B8C9-4318-8177-28D7B0B6EF68}.Ad-Hoc|Any CPU.ActiveCfg = Release|Any CPU
		{AC5E628D-B8C9-4318-8177-28D7B0B6EF68}.Ad-Hoc|Any CPU.Build.0 = Release|Any CPU
		{AC5E628D-B8C9-4318-8177-28D7B0B6EF68}.Ad-Hoc|Any CPU.Deploy.0 = Release|Any CPU
		{AC5E628D-B8C9-4318-8177-28D7B0B6EF68}.Ad-Hoc|ARM.ActiveCfg = Release|ARM
		{AC5E628D-B8C9-4318-8177-28D7B0B6EF68}.Ad-Hoc|ARM.Build.0 = Release|ARM
		{AC5E628D-B8C9-4318-8177-28D7B0B6EF68}.Ad-Hoc|ARM.Deploy.0 = Release|ARM
		{AC5E628D-B8C9-4318-8177-28D7B0B6EF68}.Ad-Hoc|iPhone.ActiveCfg = Release|Any CPU
		{AC5E628D-B8C9-4318-8177-28D7B0B6EF68}.Ad-Hoc|iPhone.Build.0 = Release|Any CPU
		{AC5E628D-B8C9-4318-8177-28D7B0B6EF68}.Ad-Hoc|iPhone.Deploy.0 = Release|Any CPU
		{AC5E628D-B8C9-4318-8177-28D7B0B6EF68}.Ad-Hoc|iPhoneSimulator.ActiveCfg = Release|Any CPU
		{AC5E628D-B8C9-4318-8177-28D7B0B6EF68}.Ad-Hoc|iPhoneSimulator.Build.0 = Release|Any CPU
		{AC5E628D-B8C9-4318-8177-28D7B0B6EF68}.Ad-Hoc|iPhoneSimulator.Deploy.0 = Release|Any CPU
		{AC5E628D-B8C9-4318-8177-28D7B0B6EF68}.Ad-Hoc|x64.ActiveCfg = Release|x64
		{AC5E628D-B8C9-4318-8177-28D7B0B6EF68}.Ad-Hoc|x64.Build.0 = Release|x64
		{AC5E628D-B8C9-4318-8177-28D7B0B6EF68}.Ad-Hoc|x64.Deploy.0 = Release|x64
		{AC5E628D-B8C9-4318-8177-28D7B0B6EF68}.Ad-Hoc|x86.ActiveCfg = Release|x86
		{AC5E628D-B8C9-4318-8177-28D7B0B6EF68}.Ad-Hoc|x86.Build.0 = Release|x86
		{AC5E628D-B8C9-4318-8177-28D7B0B6EF68}.Ad-Hoc|x86.Deploy.0 = Release|x86
		{AC5E628D-B8C9-4318-8177-28D7B0B6EF68}.AppStore|Any CPU.ActiveCfg = Release|Any CPU
		{AC5E628D-B8C9-4318-8177-28D7B0B6EF68}.AppStore|Any CPU.Build.0 = Release|Any CPU
		{AC5E628D-B8C9-4318-8177-28D7B0B6EF68}.AppStore|Any CPU.Deploy.0 = Release|Any CPU
		{AC5E628D-B8C9-4318-8177-28D7B0B6EF68}.AppStore|ARM.ActiveCfg = Release|ARM
		{AC5E628D-B8C9-4318-8177-28D7B0B6EF68}.AppStore|ARM.Build.0 = Release|ARM
		{AC5E628D-B8C9-4318-8177-28D7B0B6EF68}.AppStore|ARM.Deploy.0 = Release|ARM
		{AC5E628D-B8C9-4318-8177-28D7B0B6EF68}.AppStore|iPhone.ActiveCfg = Release|Any CPU
		{AC5E628D-B8C9-4318-8177-28D7B0B6EF68}.AppStore|iPhone.Build.0 = Release|Any CPU
		{AC5E628D-B8C9-4318-8177-28D7B0B6EF68}.AppStore|iPhone.Deploy.0 = Release|Any CPU
		{AC5E628D-B8C9-4318-8177-28D7B0B6EF68}.AppStore|iPhoneSimulator.ActiveCfg = Release|Any CPU
		{AC5E628D-B8C9-4318-8177-28D7B0B6EF68}.AppStore|iPhoneSimulator.Build.0 = Release|Any CPU
		{AC5E628D-B8C9-4318-8177-28D7B0B6EF68}.AppStore|iPhoneSimulator.Deploy.0 = Release|Any CPU
		{AC5E628D-B8C9-4318-8177-28D7B0B6EF68}.AppStore|x64.ActiveCfg = Release|x64
		{AC5E628D-B8C9-4318-8177-28D7B0B6EF68}.AppStore|x64.Build.0 = Release|x64
		{AC5E628D-B8C9-4318-8177-28D7B0B6EF68}.AppStore|x64.Deploy.0 = Release|x64
		{AC5E628D-B8C9-4318-8177-28D7B0B6EF68}.AppStore|x86.ActiveCfg = Release|x86
		{AC5E628D-B8C9-4318-8177-28D7B0B6EF68}.AppStore|x86.Build.0 = Release|x86
		{AC5E628D-B8C9-4318-8177-28D7B0B6EF68}.AppStore|x86.Deploy.0 = Release|x86
		{AC5E628D-B8C9-4318-8177-28D7B0B6EF68}.Debug|Any CPU.ActiveCfg = Debug|Any CPU
		{AC5E628D-B8C9-4318-8177-28D7B0B6EF68}.Debug|Any CPU.Build.0 = Debug|Any CPU
		{AC5E628D-B8C9-4318-8177-28D7B0B6EF68}.Debug|Any CPU.Deploy.0 = Debug|Any CPU
		{AC5E628D-B8C9-4318-8177-28D7B0B6EF68}.Debug|ARM.ActiveCfg = Debug|ARM
		{AC5E628D-B8C9-4318-8177-28D7B0B6EF68}.Debug|ARM.Build.0 = Debug|ARM
		{AC5E628D-B8C9-4318-8177-28D7B0B6EF68}.Debug|ARM.Deploy.0 = Debug|ARM
		{AC5E628D-B8C9-4318-8177-28D7B0B6EF68}.Debug|iPhone.ActiveCfg = Debug|Any CPU
		{AC5E628D-B8C9-4318-8177-28D7B0B6EF68}.Debug|iPhone.Build.0 = Debug|Any CPU
		{AC5E628D-B8C9-4318-8177-28D7B0B6EF68}.Debug|iPhone.Deploy.0 = Debug|Any CPU
		{AC5E628D-B8C9-4318-8177-28D7B0B6EF68}.Debug|iPhoneSimulator.ActiveCfg = Debug|Any CPU
		{AC5E628D-B8C9-4318-8177-28D7B0B6EF68}.Debug|iPhoneSimulator.Build.0 = Debug|Any CPU
		{AC5E628D-B8C9-4318-8177-28D7B0B6EF68}.Debug|iPhoneSimulator.Deploy.0 = Debug|Any CPU
		{AC5E628D-B8C9-4318-8177-28D7B0B6EF68}.Debug|x64.ActiveCfg = Debug|x64
		{AC5E628D-B8C9-4318-8177-28D7B0B6EF68}.Debug|x64.Build.0 = Debug|x64
		{AC5E628D-B8C9-4318-8177-28D7B0B6EF68}.Debug|x64.Deploy.0 = Debug|x64
		{AC5E628D-B8C9-4318-8177-28D7B0B6EF68}.Debug|x86.ActiveCfg = Debug|x86
		{AC5E628D-B8C9-4318-8177-28D7B0B6EF68}.Debug|x86.Build.0 = Debug|x86
		{AC5E628D-B8C9-4318-8177-28D7B0B6EF68}.Debug|x86.Deploy.0 = Debug|x86
		{AC5E628D-B8C9-4318-8177-28D7B0B6EF68}.Release|Any CPU.ActiveCfg = Release|Any CPU
		{AC5E628D-B8C9-4318-8177-28D7B0B6EF68}.Release|Any CPU.Build.0 = Release|Any CPU
		{AC5E628D-B8C9-4318-8177-28D7B0B6EF68}.Release|Any CPU.Deploy.0 = Release|Any CPU
		{AC5E628D-B8C9-4318-8177-28D7B0B6EF68}.Release|ARM.ActiveCfg = Release|ARM
		{AC5E628D-B8C9-4318-8177-28D7B0B6EF68}.Release|ARM.Build.0 = Release|ARM
		{AC5E628D-B8C9-4318-8177-28D7B0B6EF68}.Release|ARM.Deploy.0 = Release|ARM
		{AC5E628D-B8C9-4318-8177-28D7B0B6EF68}.Release|iPhone.ActiveCfg = Release|Any CPU
		{AC5E628D-B8C9-4318-8177-28D7B0B6EF68}.Release|iPhone.Build.0 = Release|Any CPU
		{AC5E628D-B8C9-4318-8177-28D7B0B6EF68}.Release|iPhone.Deploy.0 = Release|Any CPU
		{AC5E628D-B8C9-4318-8177-28D7B0B6EF68}.Release|iPhoneSimulator.ActiveCfg = Release|Any CPU
		{AC5E628D-B8C9-4318-8177-28D7B0B6EF68}.Release|iPhoneSimulator.Build.0 = Release|Any CPU
		{AC5E628D-B8C9-4318-8177-28D7B0B6EF68}.Release|iPhoneSimulator.Deploy.0 = Release|Any CPU
		{AC5E628D-B8C9-4318-8177-28D7B0B6EF68}.Release|x64.ActiveCfg = Release|x64
		{AC5E628D-B8C9-4318-8177-28D7B0B6EF68}.Release|x64.Build.0 = Release|x64
		{AC5E628D-B8C9-4318-8177-28D7B0B6EF68}.Release|x64.Deploy.0 = Release|x64
		{AC5E628D-B8C9-4318-8177-28D7B0B6EF68}.Release|x86.ActiveCfg = Release|x86
		{AC5E628D-B8C9-4318-8177-28D7B0B6EF68}.Release|x86.Build.0 = Release|x86
		{AC5E628D-B8C9-4318-8177-28D7B0B6EF68}.Release|x86.Deploy.0 = Release|x86
	EndGlobalSection
	GlobalSection(SolutionProperties) = preSolution
		HideSolutionNode = FALSE
	EndGlobalSection
EndGlobal
